
Microsoft Visual Studio Solution File, Format Version 12.00
# Visual Studio Version 17
VisualStudioVersion = 17.11.35327.3
MinimumVisualStudioVersion = 10.0.40219.1
Project("{9A19103F-16F7-4668-BE54-9A1E7A4F7556}") = "LowCostAvioFlights", "LowCostAvioFlights.csproj", "{67C4959B-B204-4F32-BA7F-7881BB9293E0}"
EndProject
Project("{54A90642-561A-4BB1-A94E-469ADEE60C69}") = "reactconsumelowcostavioflights", "..\reactconsumeLowCostAvioFlights\reactconsumelowcostavioflights.esproj", "{98B8F52B-A8F8-4280-925D-F3EDE6A5007E}"
EndProject
Global
	GlobalSection(SolutionConfigurationPlatforms) = preSolution
		Debug|Any CPU = Debug|Any CPU
		Release|Any CPU = Release|Any CPU
	EndGlobalSection
	GlobalSection(ProjectConfigurationPlatforms) = postSolution
		{67C4959B-B204-4F32-BA7F-7881BB9293E0}.Debug|Any CPU.ActiveCfg = Debug|Any CPU
		{67C4959B-B204-4F32-BA7F-7881BB9293E0}.Debug|Any CPU.Build.0 = Debug|Any CPU
		{67C4959B-B204-4F32-BA7F-7881BB9293E0}.Release|Any CPU.ActiveCfg = Release|Any CPU
		{67C4959B-B204-4F32-BA7F-7881BB9293E0}.Release|Any CPU.Build.0 = Release|Any CPU
		{98B8F52B-A8F8-4280-925D-F3EDE6A5007E}.Debug|Any CPU.ActiveCfg = Debug|Any CPU
		{98B8F52B-A8F8-4280-925D-F3EDE6A5007E}.Debug|Any CPU.Build.0 = Debug|Any CPU
		{98B8F52B-A8F8-4280-925D-F3EDE6A5007E}.Debug|Any CPU.Deploy.0 = Debug|Any CPU
		{98B8F52B-A8F8-4280-925D-F3EDE6A5007E}.Release|Any CPU.ActiveCfg = Release|Any CPU
		{98B8F52B-A8F8-4280-925D-F3EDE6A5007E}.Release|Any CPU.Build.0 = Release|Any CPU
		{98B8F52B-A8F8-4280-925D-F3EDE6A5007E}.Release|Any CPU.Deploy.0 = Release|Any CPU
	EndGlobalSection
	GlobalSection(SolutionProperties) = preSolution
		HideSolutionNode = FALSE
	EndGlobalSection
	GlobalSection(ExtensibilityGlobals) = postSolution
		SolutionGuid = {AD7A2253-67CB-46FC-8303-26B1765F4BB6}
	EndGlobalSection
EndGlobal
